
Microsoft Visual Studio Solution File, Format Version 12.00
# Visual Studio 15
VisualStudioVersion = 15.0.26430.6
MinimumVisualStudioVersion = 10.0.40219.1
Project("{FAE04EC0-301F-11D3-BF4B-00C04F79EFBC}") = "Backend", "Backend\Backend.csproj", "{5F9F7860-4DF1-49A2-91D8-03C3DB2E9159}"
EndProject
Project("{D954291E-2A0B-460D-934E-DC6B0785DB48}") = "PeopleApp", "PeopleApp\PeopleApp\PeopleApp.shproj", "{F0D75824-121A-4B72-B23E-55503345A4ED}"
EndProject
Project("{FAE04EC0-301F-11D3-BF4B-00C04F79EFBC}") = "PeopleApp.Android", "PeopleApp\PeopleApp.Android\PeopleApp.Android.csproj", "{CF6D7862-20A2-4D47-90D9-99E477864C2A}"
EndProject
Project("{FAE04EC0-301F-11D3-BF4B-00C04F79EFBC}") = "PeopleApp.iOS", "PeopleApp\PeopleApp.iOS\PeopleApp.iOS.csproj", "{5949ED04-6689-48D7-B3E8-0FC513199EEE}"
EndProject
Global
	GlobalSection(SharedMSBuildProjectFiles) = preSolution
		PeopleApp\PeopleApp\PeopleApp.projitems*{5949ed04-6689-48d7-b3e8-0fc513199eee}*SharedItemsImports = 4
		PeopleApp\PeopleApp\PeopleApp.projitems*{cf6d7862-20a2-4d47-90d9-99e477864c2a}*SharedItemsImports = 4
		PeopleApp\PeopleApp\PeopleApp.projitems*{f0d75824-121a-4b72-b23e-55503345a4ed}*SharedItemsImports = 13
	EndGlobalSection
	GlobalSection(SolutionConfigurationPlatforms) = preSolution
		Ad-Hoc|Any CPU = Ad-Hoc|Any CPU
		Ad-Hoc|iPhone = Ad-Hoc|iPhone
		Ad-Hoc|iPhoneSimulator = Ad-Hoc|iPhoneSimulator
		AppStore|Any CPU = AppStore|Any CPU
		AppStore|iPhone = AppStore|iPhone
		AppStore|iPhoneSimulator = AppStore|iPhoneSimulator
		Debug|Any CPU = Debug|Any CPU
		Debug|iPhone = Debug|iPhone
		Debug|iPhoneSimulator = Debug|iPhoneSimulator
		Release|Any CPU = Release|Any CPU
		Release|iPhone = Release|iPhone
		Release|iPhoneSimulator = Release|iPhoneSimulator
	EndGlobalSection
	GlobalSection(ProjectConfigurationPlatforms) = postSolution
		{5F9F7860-4DF1-49A2-91D8-03C3DB2E9159}.Ad-Hoc|Any CPU.ActiveCfg = Release|Any CPU
		{5F9F7860-4DF1-49A2-91D8-03C3DB2E9159}.Ad-Hoc|Any CPU.Build.0 = Release|Any CPU
		{5F9F7860-4DF1-49A2-91D8-03C3DB2E9159}.Ad-Hoc|iPhone.ActiveCfg = Release|Any CPU
		{5F9F7860-4DF1-49A2-91D8-03C3DB2E9159}.Ad-Hoc|iPhone.Build.0 = Release|Any CPU
		{5F9F7860-4DF1-49A2-91D8-03C3DB2E9159}.Ad-Hoc|iPhoneSimulator.ActiveCfg = Release|Any CPU
		{5F9F7860-4DF1-49A2-91D8-03C3DB2E9159}.Ad-Hoc|iPhoneSimulator.Build.0 = Release|Any CPU
		{5F9F7860-4DF1-49A2-91D8-03C3DB2E9159}.AppStore|Any CPU.ActiveCfg = Release|Any CPU
		{5F9F7860-4DF1-49A2-91D8-03C3DB2E9159}.AppStore|Any CPU.Build.0 = Release|Any CPU
		{5F9F7860-4DF1-49A2-91D8-03C3DB2E9159}.AppStore|iPhone.ActiveCfg = Release|Any CPU
		{5F9F7860-4DF1-49A2-91D8-03C3DB2E9159}.AppStore|iPhone.Build.0 = Release|Any CPU
		{5F9F7860-4DF1-49A2-91D8-03C3DB2E9159}.AppStore|iPhoneSimulator.ActiveCfg = Release|Any CPU
		{5F9F7860-4DF1-49A2-91D8-03C3DB2E9159}.AppStore|iPhoneSimulator.Build.0 = Release|Any CPU
		{5F9F7860-4DF1-49A2-91D8-03C3DB2E9159}.Debug|Any CPU.ActiveCfg = Debug|Any CPU
		{5F9F7860-4DF1-49A2-91D8-03C3DB2E9159}.Debug|Any CPU.Build.0 = Debug|Any CPU
		{5F9F7860-4DF1-49A2-91D8-03C3DB2E9159}.Debug|iPhone.ActiveCfg = Debug|Any CPU
		{5F9F7860-4DF1-49A2-91D8-03C3DB2E9159}.Debug|iPhone.Build.0 = Debug|Any CPU
		{5F9F7860-4DF1-49A2-91D8-03C3DB2E9159}.Debug|iPhoneSimulator.ActiveCfg = Debug|Any CPU
		{5F9F7860-4DF1-49A2-91D8-03C3DB2E9159}.Debug|iPhoneSimulator.Build.0 = Debug|Any CPU
		{5F9F7860-4DF1-49A2-91D8-03C3DB2E9159}.Release|Any CPU.ActiveCfg = Release|Any CPU
		{5F9F7860-4DF1-49A2-91D8-03C3DB2E9159}.Release|Any CPU.Build.0 = Release|Any CPU
		{5F9F7860-4DF1-49A2-91D8-03C3DB2E9159}.Release|iPhone.ActiveCfg = Release|Any CPU
		{5F9F7860-4DF1-49A2-91D8-03C3DB2E9159}.Release|iPhone.Build.0 = Release|Any CPU
		{5F9F7860-4DF1-49A2-91D8-03C3DB2E9159}.Release|iPhoneSimulator.ActiveCfg = Release|Any CPU
		{5F9F7860-4DF1-49A2-91D8-03C3DB2E9159}.Release|iPhoneSimulator.Build.0 = Release|Any CPU
		{CF6D7862-20A2-4D47-90D9-99E477864C2A}.Ad-Hoc|Any CPU.ActiveCfg = Release|Any CPU
		{CF6D7862-20A2-4D47-90D9-99E477864C2A}.Ad-Hoc|Any CPU.Build.0 = Release|Any CPU
		{CF6D7862-20A2-4D47-90D9-99E477864C2A}.Ad-Hoc|Any CPU.Deploy.0 = Release|Any CPU
		{CF6D7862-20A2-4D47-90D9-99E477864C2A}.Ad-Hoc|iPhone.ActiveCfg = Release|Any CPU
		{CF6D7862-20A2-4D47-90D9-99E477864C2A}.Ad-Hoc|iPhone.Build.0 = Release|Any CPU
		{CF6D7862-20A2-4D47-90D9-99E477864C2A}.Ad-Hoc|iPhone.Deploy.0 = Release|Any CPU
		{CF6D7862-20A2-4D47-90D9-99E477864C2A}.Ad-Hoc|iPhoneSimulator.ActiveCfg = Release|Any CPU
		{CF6D7862-20A2-4D47-90D9-99E477864C2A}.Ad-Hoc|iPhoneSimulator.Build.0 = Release|Any CPU
		{CF6D7862-20A2-4D47-90D9-99E477864C2A}.Ad-Hoc|iPhoneSimulator.Deploy.0 = Release|Any CPU
		{CF6D7862-20A2-4D47-90D9-99E477864C2A}.AppStore|Any CPU.ActiveCfg = Release|Any CPU
		{CF6D7862-20A2-4D47-90D9-99E477864C2A}.AppStore|Any CPU.Build.0 = Release|Any CPU
		{CF6D7862-20A2-4D47-90D9-99E477864C2A}.AppStore|Any CPU.Deploy.0 = Release|Any CPU
		{CF6D7862-20A2-4D47-90D9-99E477864C2A}.AppStore|iPhone.ActiveCfg = Release|Any CPU
		{CF6D7862-20A2-4D47-90D9-99E477864C2A}.AppStore|iPhone.Build.0 = Release|Any CPU
		{CF6D7862-20A2-4D47-90D9-99E477864C2A}.AppStore|iPhone.Deploy.0 = Release|Any CPU
		{CF6D7862-20A2-4D47-90D9-99E477864C2A}.AppStore|iPhoneSimulator.ActiveCfg = Release|Any CPU
		{CF6D7862-20A2-4D47-90D9-99E477864C2A}.AppStore|iPhoneSimulator.Build.0 = Release|Any CPU
		{CF6D7862-20A2-4D47-90D9-99E477864C2A}.AppStore|iPhoneSimulator.Deploy.0 = Release|Any CPU
		{CF6D7862-20A2-4D47-90D9-99E477864C2A}.Debug|Any CPU.ActiveCfg = Debug|Any CPU
		{CF6D7862-20A2-4D47-90D9-99E477864C2A}.Debug|Any CPU.Build.0 = Debug|Any CPU
		{CF6D7862-20A2-4D47-90D9-99E477864C2A}.Debug|Any CPU.Deploy.0 = Debug|Any CPU
		{CF6D7862-20A2-4D47-90D9-99E477864C2A}.Debug|iPhone.ActiveCfg = Debug|Any CPU
		{CF6D7862-20A2-4D47-90D9-99E477864C2A}.Debug|iPhone.Build.0 = Debug|Any CPU
		{CF6D7862-20A2-4D47-90D9-99E477864C2A}.Debug|iPhone.Deploy.0 = Debug|Any CPU
		{CF6D7862-20A2-4D47-90D9-99E477864C2A}.Debug|iPhoneSimulator.ActiveCfg = Debug|Any CPU
		{CF6D7862-20A2-4D47-90D9-99E477864C2A}.Debug|iPhoneSimulator.Build.0 = Debug|Any CPU
		{CF6D7862-20A2-4D47-90D9-99E477864C2A}.Debug|iPhoneSimulator.Deploy.0 = Debug|Any CPU
		{CF6D7862-20A2-4D47-90D9-99E477864C2A}.Release|Any CPU.ActiveCfg = Release|Any CPU
		{CF6D7862-20A2-4D47-90D9-99E477864C2A}.Release|Any CPU.Build.0 = Release|Any CPU
		{CF6D7862-20A2-4D47-90D9-99E477864C2A}.Release|Any CPU.Deploy.0 = Release|Any CPU
		{CF6D7862-20A2-4D47-90D9-99E477864C2A}.Release|iPhone.ActiveCfg = Release|Any CPU
		{CF6D7862-20A2-4D47-90D9-99E477864C2A}.Release|iPhone.Build.0 = Release|Any CPU
		{CF6D7862-20A2-4D47-90D9-99E477864C2A}.Release|iPhone.Deploy.0 = Release|Any CPU
		{CF6D7862-20A2-4D47-90D9-99E477864C2A}.Release|iPhoneSimulator.ActiveCfg = Release|Any CPU
		{CF6D7862-20A2-4D47-90D9-99E477864C2A}.Release|iPhoneSimulator.Build.0 = Release|Any CPU
		{CF6D7862-20A2-4D47-90D9-99E477864C2A}.Release|iPhoneSimulator.Deploy.0 = Release|Any CPU
		{5949ED04-6689-48D7-B3E8-0FC513199EEE}.Ad-Hoc|Any CPU.ActiveCfg = Ad-Hoc|iPhone
		{5949ED04-6689-48D7-B3E8-0FC513199EEE}.Ad-Hoc|iPhone.ActiveCfg = Ad-Hoc|iPhone
		{5949ED04-6689-48D7-B3E8-0FC513199EEE}.Ad-Hoc|iPhone.Build.0 = Ad-Hoc|iPhone
		{5949ED04-6689-48D7-B3E8-0FC513199EEE}.Ad-Hoc|iPhoneSimulator.ActiveCfg = Ad-Hoc|iPhoneSimulator
		{5949ED04-6689-48D7-B3E8-0FC513199EEE}.Ad-Hoc|iPhoneSimulator.Build.0 = Ad-Hoc|iPhoneSimulator
		{5949ED04-6689-48D7-B3E8-0FC513199EEE}.AppStore|Any CPU.ActiveCfg = AppStore|iPhone
		{5949ED04-6689-48D7-B3E8-0FC513199EEE}.AppStore|iPhone.ActiveCfg = AppStore|iPhone
		{5949ED04-6689-48D7-B3E8-0FC513199EEE}.AppStore|iPhone.Build.0 = AppStore|iPhone
		{5949ED04-6689-48D7-B3E8-0FC513199EEE}.AppStore|iPhoneSimulator.ActiveCfg = AppStore|iPhoneSimulator
		{5949ED04-6689-48D7-B3E8-0FC513199EEE}.AppStore|iPhoneSimulator.Build.0 = AppStore|iPhoneSimulator
		{5949ED04-6689-48D7-B3E8-0FC513199EEE}.Debug|Any CPU.ActiveCfg = Debug|iPhone
		{5949ED04-6689-48D7-B3E8-0FC513199EEE}.Debug|iPhone.ActiveCfg = Debug|iPhone
		{5949ED04-6689-48D7-B3E8-0FC513199EEE}.Debug|iPhone.Build.0 = Debug|iPhone
		{5949ED04-6689-48D7-B3E8-0FC513199EEE}.Debug|iPhoneSimulator.ActiveCfg = Debug|iPhoneSimulator
		{5949ED04-6689-48D7-B3E8-0FC513199EEE}.Debug|iPhoneSimulator.Build.0 = Debug|iPhoneSimulator
		{5949ED04-6689-48D7-B3E8-0FC513199EEE}.Release|Any CPU.ActiveCfg = Release|iPhone
		{5949ED04-6689-48D7-B3E8-0FC513199EEE}.Release|iPhone.ActiveCfg = Release|iPhone
		{5949ED04-6689-48D7-B3E8-0FC513199EEE}.Release|iPhone.Build.0 = Release|iPhone
		{5949ED04-6689-48D7-B3E8-0FC513199EEE}.Release|iPhoneSimulator.ActiveCfg = Release|iPhoneSimulator
		{5949ED04-6689-48D7-B3E8-0FC513199EEE}.Release|iPhoneSimulator.Build.0 = Release|iPhoneSimulator
	EndGlobalSection
	GlobalSection(SolutionProperties) = preSolution
		HideSolutionNode = FALSE
	EndGlobalSection
EndGlobal
